
Microsoft Visual Studio Solution File, Format Version 12.00
# Visual Studio Version 16
VisualStudioVersion = 16.0.30330.147
MinimumVisualStudioVersion = 15.0.26124.0
Project("{9A19103F-16F7-4668-BE54-9A1E7A4F7556}") = "APIHomeWork", "APIHomeWork.csproj", "{CA57032D-8C28-4C7B-8B50-89F92EE7687B}"
EndProject
Global
	GlobalSection(SolutionConfigurationPlatforms) = preSolution
		Debug|Any CPU = Debug|Any CPU
		Debug|x64 = Debug|x64
		Debug|x86 = Debug|x86
		Release|Any CPU = Release|Any CPU
		Release|x64 = Release|x64
		Release|x86 = Release|x86
	EndGlobalSection
	GlobalSection(ProjectConfigurationPlatforms) = postSolution
		{CA57032D-8C28-4C7B-8B50-89F92EE7687B}.Debug|Any CPU.ActiveCfg = Debug|Any CPU
		{CA57032D-8C28-4C7B-8B50-89F92EE7687B}.Debug|Any CPU.Build.0 = Debug|Any CPU
		{CA57032D-8C28-4C7B-8B50-89F92EE7687B}.Debug|x64.ActiveCfg = Debug|Any CPU
		{CA57032D-8C28-4C7B-8B50-89F92EE7687B}.Debug|x64.Build.0 = Debug|Any CPU
		{CA57032D-8C28-4C7B-8B50-89F92EE7687B}.Debug|x86.ActiveCfg = Debug|Any CPU
		{CA57032D-8C28-4C7B-8B50-89F92EE7687B}.Debug|x86.Build.0 = Debug|Any CPU
		{CA57032D-8C28-4C7B-8B50-89F92EE7687B}.Release|Any CPU.ActiveCfg = Release|Any CPU
		{CA57032D-8C28-4C7B-8B50-89F92EE7687B}.Release|Any CPU.Build.0 = Release|Any CPU
		{CA57032D-8C28-4C7B-8B50-89F92EE7687B}.Release|x64.ActiveCfg = Release|Any CPU
		{CA57032D-8C28-4C7B-8B50-89F92EE7687B}.Release|x64.Build.0 = Release|Any CPU
		{CA57032D-8C28-4C7B-8B50-89F92EE7687B}.Release|x86.ActiveCfg = Release|Any CPU
		{CA57032D-8C28-4C7B-8B50-89F92EE7687B}.Release|x86.Build.0 = Release|Any CPU
	EndGlobalSection
	GlobalSection(SolutionProperties) = preSolution
		HideSolutionNode = FALSE
	EndGlobalSection
	GlobalSection(ExtensibilityGlobals) = postSolution
		SolutionGuid = {F1116911-AA99-4FC4-9BF6-4DFD34C14D1D}
	EndGlobalSection
EndGlobal
